{
  "name": "@gnosis.pm/dutch-exchange-smartcontracts",
  "version": "0.3.2",
  "lockfileVersion": 1,
  "requires": true,
  "dependencies": {
    "@gnosis.pm/gnosis-core-contracts": {
      "version": "1.0.3",
      "resolved": "https://registry.npmjs.org/@gnosis.pm/gnosis-core-contracts/-/gnosis-core-contracts-1.0.3.tgz",
      "integrity": "sha512-Fzcg+Qrg2jb0hITgB1MAMLvuOtvIaYrBkkerD05estAPb8fl7zRxBMIehdJ0zYHv79WgMMRXc5fSBx2guz3KEg=="
    },
    "@gnosis.pm/owl-token": {
      "version": "0.3.0",
      "resolved": "https://registry.npmjs.org/@gnosis.pm/owl-token/-/owl-token-0.3.0.tgz",
      "integrity": "sha512-GK5LUYRvRvdKJ4TSy57LgtldLgs1ZBFoJ/JkYzMV5BUjR4IeYYx4p+pBJjMFxPDXrs67PwF9Us0d3rk2SJ/MNg==",
      "requires": {
        "@gnosis.pm/gnosis-core-contracts": "1.0.3"
      }
    }
  }
}
